{
  "version": 4,
  "terraform_version": "1.15.8",
  "serial": 31,
  "lineage": "4909e464-0a95-f36b-2803-eca054c34a6d",
  "outputs": {},
  "resources": [
    {
      "mode": "data",
      "type": "aws_caller_identity",
      "name": "current",
      "provider": "provider[\"registry.terraform.io/hashicorp/aws\"]",
      "instances": [
        {
          "schema_version": 0,
          "attributes": {
            "account_id": "884028226632",
            "arn": "arn:aws:iam::884028226632:user/asiddiqi",
            "id": "884028226632",
            "user_id": "AIDA43VBQHREMG35AZQMS"
          },
          "sensitive_attributes": [],
          "identity_schema_version": 0
        }
      ]
    },
    {
      "mode": "managed",
      "type": "aws_iam_role",
      "name": "bedrock_kb_role",
      "provider": "provider[\"registry.terraform.io/hashicorp/aws\"]",
      "instances": [
        {
          "schema_version": 0,
          "attributes": {
            "arn": "arn:aws:iam::884028226632:role/AmazonBedrockExecutionRoleForKB2026",
            "assume_role_policy": "{\"Statement\":[{\"Action\":\"sts:AssumeRole\",\"Effect\":\"Allow\",\"Principal\":{\"Service\":\"bedrock.amazonaws.com\"}}],\"Version\":\"2012-10-17\"}",
            "create_date": "2026-08-11T02:05:17Z",
            "description": "",
            "force_detach_policies": false,
            "id": "AmazonBedrockExecutionRoleForKB2026",
            "inline_policy": [
              {
                "name": "BedrockKBS3Policy",
                "policy": "{\"Version\":\"2012-10-17\",\"Statement\":[{\"Action\":[\"s3:GetObject\",\"s3:ListBucket\",\"s3:PutObject\",\"s3:AbortMultipartUpload\"],\"Effect\":\"Allow\",\"Resource\":[\"arn:aws:s3:::enterprise-internal-docs-secure-repo-2026\",\"arn:aws:s3:::enterprise-internal-docs-secure-repo-2026/*\"]}]}"
              }
            ],
            "managed_policy_arns": [],
            "max_session_duration": 3600,
            "name": "AmazonBedrockExecutionRoleForKB2026",
            "name_prefix": "",
            "path": "/",
            "permissions_boundary": "",
            "tags": {},
            "tags_all": {},
            "unique_id": "AROA43VBQHREH5XCWFJMF"
          },
          "sensitive_attributes": [],
          "identity_schema_version": 0,
          "identity": {
            "account_id": "884028226632",
            "name": "AmazonBedrockExecutionRoleForKB2026"
          },
          "private": "bnVsbA=="
        }
      ]
    },
    {
      "mode": "managed",
      "type": "aws_iam_role_policy",
      "name": "bedrock_kb_aoss_policy",
      "provider": "provider[\"registry.terraform.io/hashicorp/aws\"]",
      "instances": [
        {
          "schema_version": 0,
          "attributes": {
            "id": "AmazonBedrockExecutionRoleForKB2026:BedrockKBAOSSPolicy",
            "name": "BedrockKBAOSSPolicy",
            "name_prefix": "",
            "policy": "{\"Version\":\"2012-10-17\",\"Statement\":[{\"Action\":[\"aoss:APIAccessAll\"],\"Effect\":\"Allow\",\"Resource\":[\"arn:aws:aoss:us-east-1:884028226632:collection/pyn6a4lrsyluu8zvfali\"]}]}",
            "role": "AmazonBedrockExecutionRoleForKB2026"
          },
          "sensitive_attributes": [],
          "identity_schema_version": 0,
          "identity": {
            "account_id": "884028226632",
            "name": "BedrockKBAOSSPolicy",
            "role": "AmazonBedrockExecutionRoleForKB2026"
          },
          "private": "bnVsbA==",
          "dependencies": [
            "aws_iam_role.bedrock_kb_role",
            "aws_opensearchserverless_collection.vector_collection",
            "aws_opensearchserverless_security_policy.encryption_policy",
            "aws_opensearchserverless_security_policy.network_policy"
          ]
        }
      ]
    },
    {
      "mode": "managed",
      "type": "aws_opensearchserverless_access_policy",
      "name": "data_access_policy",
      "provider": "provider[\"registry.terraform.io/hashicorp/aws\"]",
      "instances": [
        {
          "schema_version": 0,
          "attributes": {
            "description": "Data access policy for Bedrock KB role and active user",
            "id": "internal-docs-access-policy",
            "name": "internal-docs-access-policy",
            "policy": "[{\"Principal\":[\"arn:aws:iam::884028226632:role/AmazonBedrockExecutionRoleForKB2026\",\"arn:aws:iam::884028226632:user/asiddiqi\"],\"Rules\":[{\"Permission\":[\"aoss:CreateIndex\",\"aoss:DeleteIndex\",\"aoss:UpdateIndex\",\"aoss:DescribeIndex\",\"aoss:ReadDocument\",\"aoss:WriteDocument\"],\"Resource\":[\"index/internal-docs-collection-2026/*\"],\"ResourceType\":\"index\"},{\"Permission\":[\"aoss:CreateCollectionItems\",\"aoss:DeleteCollectionItems\",\"aoss:UpdateCollectionItems\",\"aoss:DescribeCollectionItems\"],\"Resource\":[\"collection/internal-docs-collection-2026\"],\"ResourceType\":\"collection\"}]}]",
            "policy_version": "MTc4NjQxNTM4NDAxNl8x",
            "region": "us-east-1",
            "type": "data"
          },
          "sensitive_attributes": [],
          "identity_schema_version": 0,
          "identity": {
            "account_id": "884028226632",
            "name": "internal-docs-access-policy",
            "region": "us-east-1",
            "type": "data"
          },
          "dependencies": [
            "aws_iam_role.bedrock_kb_role",
            "data.aws_caller_identity.current"
          ]
        }
      ]
    },
    {
      "mode": "managed",
      "type": "aws_opensearchserverless_collection",
      "name": "vector_collection",
      "provider": "provider[\"registry.terraform.io/hashicorp/aws\"]",
      "instances": [
        {
          "schema_version": 0,
          "attributes": {
            "arn": "arn:aws:aoss:us-east-1:884028226632:collection/pyn6a4lrsyluu8zvfali",
            "collection_endpoint": "https://pyn6a4lrsyluu8zvfali.us-east-1.aoss.amazonaws.com",
            "collection_group_name": null,
            "dashboard_endpoint": "https://pyn6a4lrsyluu8zvfali.us-east-1.aoss.amazonaws.com/_dashboards",
            "description": "Vector store collection for internal technical documentation KB",
            "encryption_config": null,
            "id": "pyn6a4lrsyluu8zvfali",
            "kms_key_arn": "auto",
            "name": "internal-docs-collection-2026",
            "region": "us-east-1",
            "standby_replicas": "ENABLED",
            "tags": null,
            "tags_all": {},
            "timeouts": null,
            "type": "VECTORSEARCH",
            "vector_options": null
          },
          "sensitive_attributes": [],
          "identity_schema_version": 0,
          "identity": {
            "account_id": "884028226632",
            "id": "pyn6a4lrsyluu8zvfali",
            "region": "us-east-1"
          },
          "dependencies": [
            "aws_opensearchserverless_security_policy.encryption_policy",
            "aws_opensearchserverless_security_policy.network_policy"
          ]
        }
      ]
    },
    {
      "mode": "managed",
      "type": "aws_opensearchserverless_security_policy",
      "name": "encryption_policy",
      "provider": "provider[\"registry.terraform.io/hashicorp/aws\"]",
      "instances": [
        {
          "schema_version": 0,
          "attributes": {
            "description": "Encryption policy for internal docs collection",
            "id": "internal-docs-enc-policy",
            "name": "internal-docs-enc-policy",
            "policy": "{\"AWSOwnedKey\":true,\"Rules\":[{\"Resource\":[\"collection/internal-docs-collection-2026\"],\"ResourceType\":\"collection\"}]}",
            "policy_version": "MTc4NjQxNTM4Mzk5N18x",
            "region": "us-east-1",
            "type": "encryption"
          },
          "sensitive_attributes": [],
          "identity_schema_version": 0,
          "identity": {
            "account_id": "884028226632",
            "name": "internal-docs-enc-policy",
            "region": "us-east-1",
            "type": "encryption"
          }
        }
      ]
    },
    {
      "mode": "managed",
      "type": "aws_opensearchserverless_security_policy",
      "name": "network_policy",
      "provider": "provider[\"registry.terraform.io/hashicorp/aws\"]",
      "instances": [
        {
          "schema_version": 0,
          "attributes": {
            "description": "Network policy for internal docs collection",
            "id": "internal-docs-net-policy",
            "name": "internal-docs-net-policy",
            "policy": "[{\"AllowFromPublic\":true,\"Rules\":[{\"Resource\":[\"collection/internal-docs-collection-2026\"],\"ResourceType\":\"collection\"},{\"Resource\":[\"collection/internal-docs-collection-2026\"],\"ResourceType\":\"dashboard\"}]}]",
            "policy_version": "MTc4NjQxNTM4NDAzMV8x",
            "region": "us-east-1",
            "type": "network"
          },
          "sensitive_attributes": [],
          "identity_schema_version": 0,
          "identity": {
            "account_id": "884028226632",
            "name": "internal-docs-net-policy",
            "region": "us-east-1",
            "type": "network"
          }
        }
      ]
    },
    {
      "mode": "managed",
      "type": "aws_s3_bucket",
      "name": "docs_bucket",
      "provider": "provider[\"registry.terraform.io/hashicorp/aws\"]",
      "instances": [
        {
          "schema_version": 0,
          "attributes": {
            "acceleration_status": "",
            "acl": null,
            "arn": "arn:aws:s3:::enterprise-internal-docs-secure-repo-2026",
            "bucket": "enterprise-internal-docs-secure-repo-2026",
            "bucket_domain_name": "enterprise-internal-docs-secure-repo-2026.s3.amazonaws.com",
            "bucket_namespace": "global",
            "bucket_prefix": "",
            "bucket_region": "us-east-1",
            "bucket_regional_domain_name": "enterprise-internal-docs-secure-repo-2026.s3.us-east-1.amazonaws.com",
            "cors_rule": [],
            "force_destroy": true,
            "grant": [
              {
                "id": "1208f2ade5dc854b3b7cabf0c38b88c50f3cfb0579701eff5d379c1163eb162a",
                "permissions": [
                  "FULL_CONTROL"
                ],
                "type": "CanonicalUser",
                "uri": ""
              }
            ],
            "hosted_zone_id": "Z3AQBSTGFYJSTF",
            "id": "enterprise-internal-docs-secure-repo-2026",
            "lifecycle_rule": [],
            "logging": [],
            "object_lock_configuration": [],
            "object_lock_enabled": false,
            "policy": "",
            "region": "us-east-1",
            "replication_configuration": [],
            "request_payer": "BucketOwner",
            "server_side_encryption_configuration": [
              {
                "rule": [
                  {
                    "apply_server_side_encryption_by_default": [
                      {
                        "kms_master_key_id": "",
                        "sse_algorithm": "AES256"
                      }
                    ],
                    "bucket_key_enabled": false
                  }
                ]
              }
            ],
            "tags": {},
            "tags_all": {},
            "timeouts": null,
            "versioning": [
              {
                "enabled": false,
                "mfa_delete": false
              }
            ],
            "website": [],
            "website_domain": null,
            "website_endpoint": null
          },
          "sensitive_attributes": [],
          "identity_schema_version": 0,
          "identity": {
            "account_id": "884028226632",
            "bucket": "enterprise-internal-docs-secure-repo-2026",
            "region": "us-east-1"
          },
          "private": "eyJlMmJmYjczMC1lY2FhLTExZTYtOGY4OC0zNDM2M2JjN2M0YzAiOnsiY3JlYXRlIjoxMjAwMDAwMDAwMDAwLCJkZWxldGUiOjM2MDAwMDAwMDAwMDAsInJlYWQiOjEyMDAwMDAwMDAwMDAsInVwZGF0ZSI6MTIwMDAwMDAwMDAwMH19"
        }
      ]
    }
  ],
  "check_results": null
}
